
Microsoft Visual Studio Solution File, Format Version 12.00
# Visual Studio Version 17
VisualStudioVersion = 17.2.32526.322
MinimumVisualStudioVersion = 10.0.40219.1
Project("{FAE04EC0-301F-11D3-BF4B-00C04F79EFBC}") = "HelloWorldTest", "HelloWorldTest\HelloWorldTest.csproj", "{9EAF2F2E-9416-467A-9701-20B3426208B8}"
EndProject
Project("{FAE04EC0-301F-11D3-BF4B-00C04F79EFBC}") = "HelloWorldTestProj", "HelloWorldTestProj\HelloWorldTestProj.csproj", "{AD20D15A-8F47-48C9-9B5E-6ED9EEBAAAEC}"
EndProject
Global
	GlobalSection(SolutionConfigurationPlatforms) = preSolution
		Debug|Any CPU = Debug|Any CPU
		Release|Any CPU = Release|Any CPU
	EndGlobalSection
	GlobalSection(ProjectConfigurationPlatforms) = postSolution
		{9EAF2F2E-9416-467A-9701-20B3426208B8}.Debug|Any CPU.ActiveCfg = Debug|Any CPU
		{9EAF2F2E-9416-467A-9701-20B3426208B8}.Debug|Any CPU.Build.0 = Debug|Any CPU
		{9EAF2F2E-9416-467A-9701-20B3426208B8}.Release|Any CPU.ActiveCfg = Release|Any CPU
		{9EAF2F2E-9416-467A-9701-20B3426208B8}.Release|Any CPU.Build.0 = Release|Any CPU
		{AD20D15A-8F47-48C9-9B5E-6ED9EEBAAAEC}.Debug|Any CPU.ActiveCfg = Debug|Any CPU
		{AD20D15A-8F47-48C9-9B5E-6ED9EEBAAAEC}.Debug|Any CPU.Build.0 = Debug|Any CPU
		{AD20D15A-8F47-48C9-9B5E-6ED9EEBAAAEC}.Release|Any CPU.ActiveCfg = Release|Any CPU
		{AD20D15A-8F47-48C9-9B5E-6ED9EEBAAAEC}.Release|Any CPU.Build.0 = Release|Any CPU
	EndGlobalSection
	GlobalSection(SolutionProperties) = preSolution
		HideSolutionNode = FALSE
	EndGlobalSection
	GlobalSection(ExtensibilityGlobals) = postSolution
		SolutionGuid = {98765F59-3654-41BE-AD29-337F90827CD4}
	EndGlobalSection
EndGlobal
